
Microsoft Visual Studio Solution File, Format Version 12.00
# Visual Studio Version 17
VisualStudioVersion = 17.4.33213.308
MinimumVisualStudioVersion = 10.0.40219.1
Project("{9A19103F-16F7-4668-BE54-9A1E7A4F7556}") = "BankSystem.DataAccess", "BankSystem.DataAccess\BankSystem.DataAccess.csproj", "{C7F16E2B-FA2C-4B05-8FAD-6ED70DBB7D49}"
EndProject
Project("{00D1A9C2-B5F0-4AF3-8072-F6C62B433612}") = "BankSystem.DB", "BankSystem.DB\BankSystem.DB.sqlproj", "{101F83CE-A5F7-4DCB-94E3-5110DBDFE308}"
EndProject
Project("{9A19103F-16F7-4668-BE54-9A1E7A4F7556}") = "BankSystem.Domain", "BankSystem.Domain\BankSystem.Domain.csproj", "{39D1A4B3-A31A-4027-9272-A2208A39BCD5}"
EndProject
Project("{9A19103F-16F7-4668-BE54-9A1E7A4F7556}") = "BankSystem.Api", "BankSystem.Api\BankSystem.Api.csproj", "{4C3DDA8F-43B6-4C00-BBC6-EA13448D100C}"
EndProject
Project("{2150E333-8FDC-42A3-9474-1A3956D46DE8}") = "Solution Items", "Solution Items", "{5409AFEB-FF99-4820-B273-A54477E2150C}"
	ProjectSection(SolutionItems) = preProject
		.editorconfig = .editorconfig
	EndProjectSection
EndProject
Project("{2150E333-8FDC-42A3-9474-1A3956D46DE8}") = "Application", "Application", "{7E9E1D96-A013-49AE-A8BA-2074277901D8}"
EndProject
Project("{2150E333-8FDC-42A3-9474-1A3956D46DE8}") = "Core", "Core", "{B3F66671-0344-4EE0-9B7A-EA59196137B5}"
EndProject
Project("{9A19103F-16F7-4668-BE54-9A1E7A4F7556}") = "BankSystem.Shared", "BankSystem.Shared\BankSystem.Shared.csproj", "{7E193518-F3D8-4439-801B-322CDB0A3C80}"
EndProject
Project("{9A19103F-16F7-4668-BE54-9A1E7A4F7556}") = "BankSystem.App", "BankSystem.App\BankSystem.App.csproj", "{D2502931-E687-4A10-BCA3-C3EB42FD08B6}"
EndProject
Global
	GlobalSection(SolutionConfigurationPlatforms) = preSolution
		Debug|Any CPU = Debug|Any CPU
		Release|Any CPU = Release|Any CPU
	EndGlobalSection
	GlobalSection(ProjectConfigurationPlatforms) = postSolution
		{C7F16E2B-FA2C-4B05-8FAD-6ED70DBB7D49}.Debug|Any CPU.ActiveCfg = Debug|Any CPU
		{C7F16E2B-FA2C-4B05-8FAD-6ED70DBB7D49}.Debug|Any CPU.Build.0 = Debug|Any CPU
		{C7F16E2B-FA2C-4B05-8FAD-6ED70DBB7D49}.Release|Any CPU.ActiveCfg = Release|Any CPU
		{C7F16E2B-FA2C-4B05-8FAD-6ED70DBB7D49}.Release|Any CPU.Build.0 = Release|Any CPU
		{101F83CE-A5F7-4DCB-94E3-5110DBDFE308}.Debug|Any CPU.ActiveCfg = Debug|Any CPU
		{101F83CE-A5F7-4DCB-94E3-5110DBDFE308}.Debug|Any CPU.Build.0 = Debug|Any CPU
		{101F83CE-A5F7-4DCB-94E3-5110DBDFE308}.Debug|Any CPU.Deploy.0 = Debug|Any CPU
		{101F83CE-A5F7-4DCB-94E3-5110DBDFE308}.Release|Any CPU.ActiveCfg = Release|Any CPU
		{101F83CE-A5F7-4DCB-94E3-5110DBDFE308}.Release|Any CPU.Build.0 = Release|Any CPU
		{101F83CE-A5F7-4DCB-94E3-5110DBDFE308}.Release|Any CPU.Deploy.0 = Release|Any CPU
		{39D1A4B3-A31A-4027-9272-A2208A39BCD5}.Debug|Any CPU.ActiveCfg = Debug|Any CPU
		{39D1A4B3-A31A-4027-9272-A2208A39BCD5}.Debug|Any CPU.Build.0 = Debug|Any CPU
		{39D1A4B3-A31A-4027-9272-A2208A39BCD5}.Release|Any CPU.ActiveCfg = Release|Any CPU
		{39D1A4B3-A31A-4027-9272-A2208A39BCD5}.Release|Any CPU.Build.0 = Release|Any CPU
		{4C3DDA8F-43B6-4C00-BBC6-EA13448D100C}.Debug|Any CPU.ActiveCfg = Debug|Any CPU
		{4C3DDA8F-43B6-4C00-BBC6-EA13448D100C}.Debug|Any CPU.Build.0 = Debug|Any CPU
		{4C3DDA8F-43B6-4C00-BBC6-EA13448D100C}.Release|Any CPU.ActiveCfg = Release|Any CPU
		{4C3DDA8F-43B6-4C00-BBC6-EA13448D100C}.Release|Any CPU.Build.0 = Release|Any CPU
		{7E193518-F3D8-4439-801B-322CDB0A3C80}.Debug|Any CPU.ActiveCfg = Debug|Any CPU
		{7E193518-F3D8-4439-801B-322CDB0A3C80}.Debug|Any CPU.Build.0 = Debug|Any CPU
		{7E193518-F3D8-4439-801B-322CDB0A3C80}.Release|Any CPU.ActiveCfg = Release|Any CPU
		{7E193518-F3D8-4439-801B-322CDB0A3C80}.Release|Any CPU.Build.0 = Release|Any CPU
		{D2502931-E687-4A10-BCA3-C3EB42FD08B6}.Debug|Any CPU.ActiveCfg = Debug|Any CPU
		{D2502931-E687-4A10-BCA3-C3EB42FD08B6}.Debug|Any CPU.Build.0 = Debug|Any CPU
		{D2502931-E687-4A10-BCA3-C3EB42FD08B6}.Release|Any CPU.ActiveCfg = Release|Any CPU
		{D2502931-E687-4A10-BCA3-C3EB42FD08B6}.Release|Any CPU.Build.0 = Release|Any CPU
	EndGlobalSection
	GlobalSection(SolutionProperties) = preSolution
		HideSolutionNode = FALSE
	EndGlobalSection
	GlobalSection(NestedProjects) = preSolution
		{C7F16E2B-FA2C-4B05-8FAD-6ED70DBB7D49} = {B3F66671-0344-4EE0-9B7A-EA59196137B5}
		{101F83CE-A5F7-4DCB-94E3-5110DBDFE308} = {B3F66671-0344-4EE0-9B7A-EA59196137B5}
		{39D1A4B3-A31A-4027-9272-A2208A39BCD5} = {B3F66671-0344-4EE0-9B7A-EA59196137B5}
		{4C3DDA8F-43B6-4C00-BBC6-EA13448D100C} = {B3F66671-0344-4EE0-9B7A-EA59196137B5}
		{7E193518-F3D8-4439-801B-322CDB0A3C80} = {B3F66671-0344-4EE0-9B7A-EA59196137B5}
		{D2502931-E687-4A10-BCA3-C3EB42FD08B6} = {7E9E1D96-A013-49AE-A8BA-2074277901D8}
	EndGlobalSection
	GlobalSection(ExtensibilityGlobals) = postSolution
		SolutionGuid = {C7D24B83-34AE-4C19-8A61-160EBE2902D0}
	EndGlobalSection
EndGlobal
